
Microsoft Visual Studio Solution File, Format Version 12.00
# Visual Studio Version 17
VisualStudioVersion = 17.8.34330.188
MinimumVisualStudioVersion = 10.0.40219.1
Project("{FAE04EC0-301F-11D3-BF4B-00C04F79EFBC}") = "RLDeberSemana6", "RLDeberSemana6\RLDeberSemana6.csproj", "{30E1FB53-981B-4C4A-A3A2-701AE3D0C90B}"
EndProject
Global
	GlobalSection(SolutionConfigurationPlatforms) = preSolution
		Debug|Any CPU = Debug|Any CPU
		Release|Any CPU = Release|Any CPU
	EndGlobalSection
	GlobalSection(ProjectConfigurationPlatforms) = postSolution
		{30E1FB53-981B-4C4A-A3A2-701AE3D0C90B}.Debug|Any CPU.ActiveCfg = Debug|Any CPU
		{30E1FB53-981B-4C4A-A3A2-701AE3D0C90B}.Debug|Any CPU.Build.0 = Debug|Any CPU
		{30E1FB53-981B-4C4A-A3A2-701AE3D0C90B}.Debug|Any CPU.Deploy.0 = Debug|Any CPU
		{30E1FB53-981B-4C4A-A3A2-701AE3D0C90B}.Release|Any CPU.ActiveCfg = Release|Any CPU
		{30E1FB53-981B-4C4A-A3A2-701AE3D0C90B}.Release|Any CPU.Build.0 = Release|Any CPU
		{30E1FB53-981B-4C4A-A3A2-701AE3D0C90B}.Release|Any CPU.Deploy.0 = Release|Any CPU
	EndGlobalSection
	GlobalSection(SolutionProperties) = preSolution
		HideSolutionNode = FALSE
	EndGlobalSection
	GlobalSection(ExtensibilityGlobals) = postSolution
		SolutionGuid = {8271386B-7B46-4B2E-9045-88C38BEB5F61}
	EndGlobalSection
EndGlobal
